
Microsoft Visual Studio Solution File, Format Version 12.00
# Visual Studio Version 17
VisualStudioVersion = 17.0.31903.59
MinimumVisualStudioVersion = 10.0.40219.1
Project("{2150E333-8FDC-42A3-9474-1A3956D46DE8}") = "src", "src", "{827E0CD3-B72D-47B6-A68D-7590B98EB39B}"
EndProject
Project("{FAE04EC0-301F-11D3-BF4B-00C04F79EFBC}") = "AbxPilot.Core", "src\AbxPilot.Core\AbxPilot.Core.csproj", "{74A75E79-CAC9-4261-9B75-F6416686734D}"
EndProject
Project("{FAE04EC0-301F-11D3-BF4B-00C04F79EFBC}") = "AbxPilot.Data", "src\AbxPilot.Data\AbxPilot.Data.csproj", "{349E846A-1BD6-4CF2-AF6C-680AD291E018}"
EndProject
Project("{FAE04EC0-301F-11D3-BF4B-00C04F79EFBC}") = "AbxPilot.UI", "src\AbxPilot.UI\AbxPilot.UI.csproj", "{6B87F99A-99D4-4996-9942-0C45C95AB6BF}"
EndProject
Project("{FAE04EC0-301F-11D3-BF4B-00C04F79EFBC}") = "AbxPilot.Desktop", "src\AbxPilot.Desktop\AbxPilot.Desktop.csproj", "{E6C3E71D-9302-45F0-803C-D47FFFCBFD9F}"
EndProject
Project("{2150E333-8FDC-42A3-9474-1A3956D46DE8}") = "tools", "tools", "{07C2787E-EAC7-C090-1BA3-A61EC2A24D84}"
EndProject
Project("{FAE04EC0-301F-11D3-BF4B-00C04F79EFBC}") = "AbxPilot.KbCompiler", "tools\AbxPilot.KbCompiler\AbxPilot.KbCompiler.csproj", "{4E653E78-87B2-4CFA-B7F3-2869B07CF618}"
EndProject
Project("{2150E333-8FDC-42A3-9474-1A3956D46DE8}") = "tests", "tests", "{0AB3BF05-4346-4AA6-1389-037BE0695223}"
EndProject
Project("{FAE04EC0-301F-11D3-BF4B-00C04F79EFBC}") = "AbxPilot.Tests", "tests\AbxPilot.Tests\AbxPilot.Tests.csproj", "{E1471F48-7AF1-4917-8C9A-BC47A1895022}"
EndProject
Project("{FAE04EC0-301F-11D3-BF4B-00C04F79EFBC}") = "AbxPilot.Android", "src\AbxPilot.Android\AbxPilot.Android.csproj", "{75BAE847-995A-48D5-9C30-C6F7EBB5641C}"
EndProject
Global
	GlobalSection(SolutionConfigurationPlatforms) = preSolution
		Debug|Any CPU = Debug|Any CPU
		Debug|x64 = Debug|x64
		Debug|x86 = Debug|x86
		Release|Any CPU = Release|Any CPU
		Release|x64 = Release|x64
		Release|x86 = Release|x86
	EndGlobalSection
	GlobalSection(ProjectConfigurationPlatforms) = postSolution
		{74A75E79-CAC9-4261-9B75-F6416686734D}.Debug|Any CPU.ActiveCfg = Debug|Any CPU
		{74A75E79-CAC9-4261-9B75-F6416686734D}.Debug|Any CPU.Build.0 = Debug|Any CPU
		{74A75E79-CAC9-4261-9B75-F6416686734D}.Debug|x64.ActiveCfg = Debug|Any CPU
		{74A75E79-CAC9-4261-9B75-F6416686734D}.Debug|x64.Build.0 = Debug|Any CPU
		{74A75E79-CAC9-4261-9B75-F6416686734D}.Debug|x86.ActiveCfg = Debug|Any CPU
		{74A75E79-CAC9-4261-9B75-F6416686734D}.Debug|x86.Build.0 = Debug|Any CPU
		{74A75E79-CAC9-4261-9B75-F6416686734D}.Release|Any CPU.ActiveCfg = Release|Any CPU
		{74A75E79-CAC9-4261-9B75-F6416686734D}.Release|Any CPU.Build.0 = Release|Any CPU
		{74A75E79-CAC9-4261-9B75-F6416686734D}.Release|x64.ActiveCfg = Release|Any CPU
		{74A75E79-CAC9-4261-9B75-F6416686734D}.Release|x64.Build.0 = Release|Any CPU
		{74A75E79-CAC9-4261-9B75-F6416686734D}.Release|x86.ActiveCfg = Release|Any CPU
		{74A75E79-CAC9-4261-9B75-F6416686734D}.Release|x86.Build.0 = Release|Any CPU
		{349E846A-1BD6-4CF2-AF6C-680AD291E018}.Debug|Any CPU.ActiveCfg = Debug|Any CPU
		{349E846A-1BD6-4CF2-AF6C-680AD291E018}.Debug|Any CPU.Build.0 = Debug|Any CPU
		{349E846A-1BD6-4CF2-AF6C-680AD291E018}.Debug|x64.ActiveCfg = Debug|Any CPU
		{349E846A-1BD6-4CF2-AF6C-680AD291E018}.Debug|x64.Build.0 = Debug|Any CPU
		{349E846A-1BD6-4CF2-AF6C-680AD291E018}.Debug|x86.ActiveCfg = Debug|Any CPU
		{349E846A-1BD6-4CF2-AF6C-680AD291E018}.Debug|x86.Build.0 = Debug|Any CPU
		{349E846A-1BD6-4CF2-AF6C-680AD291E018}.Release|Any CPU.ActiveCfg = Release|Any CPU
		{349E846A-1BD6-4CF2-AF6C-680AD291E018}.Release|Any CPU.Build.0 = Release|Any CPU
		{349E846A-1BD6-4CF2-AF6C-680AD291E018}.Release|x64.ActiveCfg = Release|Any CPU
		{349E846A-1BD6-4CF2-AF6C-680AD291E018}.Release|x64.Build.0 = Release|Any CPU
		{349E846A-1BD6-4CF2-AF6C-680AD291E018}.Release|x86.ActiveCfg = Release|Any CPU
		{349E846A-1BD6-4CF2-AF6C-680AD291E018}.Release|x86.Build.0 = Release|Any CPU
		{6B87F99A-99D4-4996-9942-0C45C95AB6BF}.Debug|Any CPU.ActiveCfg = Debug|Any CPU
		{6B87F99A-99D4-4996-9942-0C45C95AB6BF}.Debug|Any CPU.Build.0 = Debug|Any CPU
		{6B87F99A-99D4-4996-9942-0C45C95AB6BF}.Debug|x64.ActiveCfg = Debug|Any CPU
		{6B87F99A-99D4-4996-9942-0C45C95AB6BF}.Debug|x64.Build.0 = Debug|Any CPU
		{6B87F99A-99D4-4996-9942-0C45C95AB6BF}.Debug|x86.ActiveCfg = Debug|Any CPU
		{6B87F99A-99D4-4996-9942-0C45C95AB6BF}.Debug|x86.Build.0 = Debug|Any CPU
		{6B87F99A-99D4-4996-9942-0C45C95AB6BF}.Release|Any CPU.ActiveCfg = Release|Any CPU
		{6B87F99A-99D4-4996-9942-0C45C95AB6BF}.Release|Any CPU.Build.0 = Release|Any CPU
		{6B87F99A-99D4-4996-9942-0C45C95AB6BF}.Release|x64.ActiveCfg = Release|Any CPU
		{6B87F99A-99D4-4996-9942-0C45C95AB6BF}.Release|x64.Build.0 = Release|Any CPU
		{6B87F99A-99D4-4996-9942-0C45C95AB6BF}.Release|x86.ActiveCfg = Release|Any CPU
		{6B87F99A-99D4-4996-9942-0C45C95AB6BF}.Release|x86.Build.0 = Release|Any CPU
		{E6C3E71D-9302-45F0-803C-D47FFFCBFD9F}.Debug|Any CPU.ActiveCfg = Debug|Any CPU
		{E6C3E71D-9302-45F0-803C-D47FFFCBFD9F}.Debug|Any CPU.Build.0 = Debug|Any CPU
		{E6C3E71D-9302-45F0-803C-D47FFFCBFD9F}.Debug|x64.ActiveCfg = Debug|Any CPU
		{E6C3E71D-9302-45F0-803C-D47FFFCBFD9F}.Debug|x64.Build.0 = Debug|Any CPU
		{E6C3E71D-9302-45F0-803C-D47FFFCBFD9F}.Debug|x86.ActiveCfg = Debug|Any CPU
		{E6C3E71D-9302-45F0-803C-D47FFFCBFD9F}.Debug|x86.Build.0 = Debug|Any CPU
		{E6C3E71D-9302-45F0-803C-D47FFFCBFD9F}.Release|Any CPU.ActiveCfg = Release|Any CPU
		{E6C3E71D-9302-45F0-803C-D47FFFCBFD9F}.Release|Any CPU.Build.0 = Release|Any CPU
		{E6C3E71D-9302-45F0-803C-D47FFFCBFD9F}.Release|x64.ActiveCfg = Release|Any CPU
		{E6C3E71D-9302-45F0-803C-D47FFFCBFD9F}.Release|x64.Build.0 = Release|Any CPU
		{E6C3E71D-9302-45F0-803C-D47FFFCBFD9F}.Release|x86.ActiveCfg = Release|Any CPU
		{E6C3E71D-9302-45F0-803C-D47FFFCBFD9F}.Release|x86.Build.0 = Release|Any CPU
		{4E653E78-87B2-4CFA-B7F3-2869B07CF618}.Debug|Any CPU.ActiveCfg = Debug|Any CPU
		{4E653E78-87B2-4CFA-B7F3-2869B07CF618}.Debug|Any CPU.Build.0 = Debug|Any CPU
		{4E653E78-87B2-4CFA-B7F3-2869B07CF618}.Debug|x64.ActiveCfg = Debug|Any CPU
		{4E653E78-87B2-4CFA-B7F3-2869B07CF618}.Debug|x64.Build.0 = Debug|Any CPU
		{4E653E78-87B2-4CFA-B7F3-2869B07CF618}.Debug|x86.ActiveCfg = Debug|Any CPU
		{4E653E78-87B2-4CFA-B7F3-2869B07CF618}.Debug|x86.Build.0 = Debug|Any CPU
		{4E653E78-87B2-4CFA-B7F3-2869B07CF618}.Release|Any CPU.ActiveCfg = Release|Any CPU
		{4E653E78-87B2-4CFA-B7F3-2869B07CF618}.Release|Any CPU.Build.0 = Release|Any CPU
		{4E653E78-87B2-4CFA-B7F3-2869B07CF618}.Release|x64.ActiveCfg = Release|Any CPU
		{4E653E78-87B2-4CFA-B7F3-2869B07CF618}.Release|x64.Build.0 = Release|Any CPU
		{4E653E78-87B2-4CFA-B7F3-2869B07CF618}.Release|x86.ActiveCfg = Release|Any CPU
		{4E653E78-87B2-4CFA-B7F3-2869B07CF618}.Release|x86.Build.0 = Release|Any CPU
		{E1471F48-7AF1-4917-8C9A-BC47A1895022}.Debug|Any CPU.ActiveCfg = Debug|Any CPU
		{E1471F48-7AF1-4917-8C9A-BC47A1895022}.Debug|Any CPU.Build.0 = Debug|Any CPU
		{E1471F48-7AF1-4917-8C9A-BC47A1895022}.Debug|x64.ActiveCfg = Debug|Any CPU
		{E1471F48-7AF1-4917-8C9A-BC47A1895022}.Debug|x64.Build.0 = Debug|Any CPU
		{E1471F48-7AF1-4917-8C9A-BC47A1895022}.Debug|x86.ActiveCfg = Debug|Any CPU
		{E1471F48-7AF1-4917-8C9A-BC47A1895022}.Debug|x86.Build.0 = Debug|Any CPU
		{E1471F48-7AF1-4917-8C9A-BC47A1895022}.Release|Any CPU.ActiveCfg = Release|Any CPU
		{E1471F48-7AF1-4917-8C9A-BC47A1895022}.Release|Any CPU.Build.0 = Release|Any CPU
		{E1471F48-7AF1-4917-8C9A-BC47A1895022}.Release|x64.ActiveCfg = Release|Any CPU
		{E1471F48-7AF1-4917-8C9A-BC47A1895022}.Release|x64.Build.0 = Release|Any CPU
		{E1471F48-7AF1-4917-8C9A-BC47A1895022}.Release|x86.ActiveCfg = Release|Any CPU
		{E1471F48-7AF1-4917-8C9A-BC47A1895022}.Release|x86.Build.0 = Release|Any CPU
		{75BAE847-995A-48D5-9C30-C6F7EBB5641C}.Debug|Any CPU.ActiveCfg = Debug|Any CPU
		{75BAE847-995A-48D5-9C30-C6F7EBB5641C}.Debug|Any CPU.Build.0 = Debug|Any CPU
		{75BAE847-995A-48D5-9C30-C6F7EBB5641C}.Debug|x64.ActiveCfg = Debug|Any CPU
		{75BAE847-995A-48D5-9C30-C6F7EBB5641C}.Debug|x64.Build.0 = Debug|Any CPU
		{75BAE847-995A-48D5-9C30-C6F7EBB5641C}.Debug|x86.ActiveCfg = Debug|Any CPU
		{75BAE847-995A-48D5-9C30-C6F7EBB5641C}.Debug|x86.Build.0 = Debug|Any CPU
		{75BAE847-995A-48D5-9C30-C6F7EBB5641C}.Release|Any CPU.ActiveCfg = Release|Any CPU
		{75BAE847-995A-48D5-9C30-C6F7EBB5641C}.Release|Any CPU.Build.0 = Release|Any CPU
		{75BAE847-995A-48D5-9C30-C6F7EBB5641C}.Release|x64.ActiveCfg = Release|Any CPU
		{75BAE847-995A-48D5-9C30-C6F7EBB5641C}.Release|x64.Build.0 = Release|Any CPU
		{75BAE847-995A-48D5-9C30-C6F7EBB5641C}.Release|x86.ActiveCfg = Release|Any CPU
		{75BAE847-995A-48D5-9C30-C6F7EBB5641C}.Release|x86.Build.0 = Release|Any CPU
	EndGlobalSection
	GlobalSection(SolutionProperties) = preSolution
		HideSolutionNode = FALSE
	EndGlobalSection
	GlobalSection(NestedProjects) = preSolution
		{74A75E79-CAC9-4261-9B75-F6416686734D} = {827E0CD3-B72D-47B6-A68D-7590B98EB39B}
		{349E846A-1BD6-4CF2-AF6C-680AD291E018} = {827E0CD3-B72D-47B6-A68D-7590B98EB39B}
		{6B87F99A-99D4-4996-9942-0C45C95AB6BF} = {827E0CD3-B72D-47B6-A68D-7590B98EB39B}
		{E6C3E71D-9302-45F0-803C-D47FFFCBFD9F} = {827E0CD3-B72D-47B6-A68D-7590B98EB39B}
		{4E653E78-87B2-4CFA-B7F3-2869B07CF618} = {07C2787E-EAC7-C090-1BA3-A61EC2A24D84}
		{E1471F48-7AF1-4917-8C9A-BC47A1895022} = {0AB3BF05-4346-4AA6-1389-037BE0695223}
		{75BAE847-995A-48D5-9C30-C6F7EBB5641C} = {827E0CD3-B72D-47B6-A68D-7590B98EB39B}
	EndGlobalSection
EndGlobal
